
Microsoft Visual Studio Solution File, Format Version 12.00
# Visual Studio Version 18
VisualStudioVersion = 18.3.11520.95 d18.3
MinimumVisualStudioVersion = 10.0.40219.1
Project("{FAE04EC0-301F-11D3-BF4B-00C04F79EFBC}") = "Gestor de Procesos y Concurrencia", "Gestor de Procesos y Concurrencia.csproj", "{B9448979-4F83-4A95-9D25-8D2B36568856}"
EndProject
Global
	GlobalSection(SolutionConfigurationPlatforms) = preSolution
		Debug|Any CPU = Debug|Any CPU
		Release|Any CPU = Release|Any CPU
	EndGlobalSection
	GlobalSection(ProjectConfigurationPlatforms) = postSolution
		{B9448979-4F83-4A95-9D25-8D2B36568856}.Debug|Any CPU.ActiveCfg = Debug|Any CPU
		{B9448979-4F83-4A95-9D25-8D2B36568856}.Debug|Any CPU.Build.0 = Debug|Any CPU
		{B9448979-4F83-4A95-9D25-8D2B36568856}.Release|Any CPU.ActiveCfg = Release|Any CPU
		{B9448979-4F83-4A95-9D25-8D2B36568856}.Release|Any CPU.Build.0 = Release|Any CPU
	EndGlobalSection
	GlobalSection(SolutionProperties) = preSolution
		HideSolutionNode = FALSE
	EndGlobalSection
	GlobalSection(ExtensibilityGlobals) = postSolution
		SolutionGuid = {01B49BFC-7914-4773-B10E-C7470B103CB3}
	EndGlobalSection
EndGlobal
